
Microsoft Visual Studio Solution File, Format Version 12.00
Project("{FAE04EC0-301F-11D3-BF4B-00C04F79EFBC}") = "API", "src\API\API.csproj", "{97D7B77E-1E19-4B0C-A4FF-282CB2435014}"
EndProject
Project("{FAE04EC0-301F-11D3-BF4B-00C04F79EFBC}") = "Common", "src\Common\Common.csproj", "{8A2CE34A-0902-4272-8FCD-ABBD8BCC465E}"
EndProject
Project("{2150E333-8FDC-42A3-9474-1A3956D46DE8}") = "src", "src", "{EEF7B7F8-4206-4440-8987-6211C5591F96}"
EndProject
Project("{2150E333-8FDC-42A3-9474-1A3956D46DE8}") = "test", "test", "{7FA26B6F-84AD-4AD3-970A-304626B119BE}"
EndProject
Project("{FAE04EC0-301F-11D3-BF4B-00C04F79EFBC}") = "Unit", "test\Unit\Unit.csproj", "{EB368AB3-B4C4-49D5-A67D-21652AD77EB4}"
EndProject
Project("{FAE04EC0-301F-11D3-BF4B-00C04F79EFBC}") = "Integration", "test\Integration\Integration.csproj", "{A36D405D-868B-48A2-81C7-960FA93CF14B}"
EndProject
Global
	GlobalSection(SolutionConfigurationPlatforms) = preSolution
		Debug|Any CPU = Debug|Any CPU
		Release|Any CPU = Release|Any CPU
	EndGlobalSection
	GlobalSection(ProjectConfigurationPlatforms) = postSolution
		{97D7B77E-1E19-4B0C-A4FF-282CB2435014}.Debug|Any CPU.ActiveCfg = Debug|Any CPU
		{97D7B77E-1E19-4B0C-A4FF-282CB2435014}.Debug|Any CPU.Build.0 = Debug|Any CPU
		{97D7B77E-1E19-4B0C-A4FF-282CB2435014}.Release|Any CPU.ActiveCfg = Release|Any CPU
		{97D7B77E-1E19-4B0C-A4FF-282CB2435014}.Release|Any CPU.Build.0 = Release|Any CPU
		{8A2CE34A-0902-4272-8FCD-ABBD8BCC465E}.Debug|Any CPU.ActiveCfg = Debug|Any CPU
		{8A2CE34A-0902-4272-8FCD-ABBD8BCC465E}.Debug|Any CPU.Build.0 = Debug|Any CPU
		{8A2CE34A-0902-4272-8FCD-ABBD8BCC465E}.Release|Any CPU.ActiveCfg = Release|Any CPU
		{8A2CE34A-0902-4272-8FCD-ABBD8BCC465E}.Release|Any CPU.Build.0 = Release|Any CPU
		{EB368AB3-B4C4-49D5-A67D-21652AD77EB4}.Debug|Any CPU.ActiveCfg = Debug|Any CPU
		{EB368AB3-B4C4-49D5-A67D-21652AD77EB4}.Debug|Any CPU.Build.0 = Debug|Any CPU
		{EB368AB3-B4C4-49D5-A67D-21652AD77EB4}.Release|Any CPU.ActiveCfg = Release|Any CPU
		{EB368AB3-B4C4-49D5-A67D-21652AD77EB4}.Release|Any CPU.Build.0 = Release|Any CPU
		{A36D405D-868B-48A2-81C7-960FA93CF14B}.Debug|Any CPU.ActiveCfg = Debug|Any CPU
		{A36D405D-868B-48A2-81C7-960FA93CF14B}.Debug|Any CPU.Build.0 = Debug|Any CPU
		{A36D405D-868B-48A2-81C7-960FA93CF14B}.Release|Any CPU.ActiveCfg = Release|Any CPU
		{A36D405D-868B-48A2-81C7-960FA93CF14B}.Release|Any CPU.Build.0 = Release|Any CPU
	EndGlobalSection
	GlobalSection(NestedProjects) = preSolution
		{97D7B77E-1E19-4B0C-A4FF-282CB2435014} = {EEF7B7F8-4206-4440-8987-6211C5591F96}
		{8A2CE34A-0902-4272-8FCD-ABBD8BCC465E} = {EEF7B7F8-4206-4440-8987-6211C5591F96}
		{EB368AB3-B4C4-49D5-A67D-21652AD77EB4} = {7FA26B6F-84AD-4AD3-970A-304626B119BE}
		{A36D405D-868B-48A2-81C7-960FA93CF14B} = {7FA26B6F-84AD-4AD3-970A-304626B119BE}
	EndGlobalSection
EndGlobal
